
Microsoft Visual Studio Solution File, Format Version 12.00
# Visual Studio Version 16
VisualStudioVersion = 16.0.30907.101
MinimumVisualStudioVersion = 10.0.40219.1
Project("{FAE04EC0-301F-11D3-BF4B-00C04F79EFBC}") = "PharmacyMedicineSupplyService", "PharmacyMedicineSupplyService.csproj", "{20A8BECE-D8D7-45C2-98DE-069A80AC70D4}"
EndProject
Global
	GlobalSection(SolutionConfigurationPlatforms) = preSolution
		Debug|Any CPU = Debug|Any CPU
		Release|Any CPU = Release|Any CPU
	EndGlobalSection
	GlobalSection(ProjectConfigurationPlatforms) = postSolution
		{20A8BECE-D8D7-45C2-98DE-069A80AC70D4}.Debug|Any CPU.ActiveCfg = Debug|Any CPU
		{20A8BECE-D8D7-45C2-98DE-069A80AC70D4}.Debug|Any CPU.Build.0 = Debug|Any CPU
		{20A8BECE-D8D7-45C2-98DE-069A80AC70D4}.Release|Any CPU.ActiveCfg = Release|Any CPU
		{20A8BECE-D8D7-45C2-98DE-069A80AC70D4}.Release|Any CPU.Build.0 = Release|Any CPU
	EndGlobalSection
	GlobalSection(SolutionProperties) = preSolution
		HideSolutionNode = FALSE
	EndGlobalSection
	GlobalSection(ExtensibilityGlobals) = postSolution
		SolutionGuid = {FBF0A7B9-D493-4625-A7F8-EEEE938D176A}
	EndGlobalSection
EndGlobal
